
Microsoft Visual Studio Solution File, Format Version 12.00
# Visual Studio Version 17
VisualStudioVersion = 17.0.32112.339
MinimumVisualStudioVersion = 10.0.40219.1
Project("{FAE04EC0-301F-11D3-BF4B-00C04F79EFBC}") = "StudentManagement", "StudentManagement.csproj", "{5F569F06-A2AD-4148-9625-8B9337C75EA0}"
EndProject
Global
	GlobalSection(SolutionConfigurationPlatforms) = preSolution
		Debug|Any CPU = Debug|Any CPU
		Release|Any CPU = Release|Any CPU
	EndGlobalSection
	GlobalSection(ProjectConfigurationPlatforms) = postSolution
		{5F569F06-A2AD-4148-9625-8B9337C75EA0}.Debug|Any CPU.ActiveCfg = Debug|Any CPU
		{5F569F06-A2AD-4148-9625-8B9337C75EA0}.Debug|Any CPU.Build.0 = Debug|Any CPU
		{5F569F06-A2AD-4148-9625-8B9337C75EA0}.Release|Any CPU.ActiveCfg = Release|Any CPU
		{5F569F06-A2AD-4148-9625-8B9337C75EA0}.Release|Any CPU.Build.0 = Release|Any CPU
	EndGlobalSection
	GlobalSection(SolutionProperties) = preSolution
		HideSolutionNode = FALSE
	EndGlobalSection
	GlobalSection(ExtensibilityGlobals) = postSolution
		SolutionGuid = {BBEC020D-00C4-4CD8-B618-8FDB72F70BEF}
	EndGlobalSection
EndGlobal
